{
	"name": "ui5-cli-on-bun",
	"version": "0.1.0",
	"lockfileVersion": 3,
	"requires": true,
	"packages": {
		"": {
			"name": "ui5-cli-on-bun",
			"version": "0.1.0",
			"dependencies": {
				"ui5-cli-on-bun-middleware-package": "file:./extensions/middleware",
				"ui5-cli-on-bun-task-package": "file:./extensions/task"
			},
			"engines": {
				"node": "^22.20.0 || >=24.0.0",
				"npm": ">= 8"
			}
		},
		"extensions/middleware": {
			"name": "ui5-cli-on-bun-middleware-package",
			"version": "0.1.0"
		},
		"extensions/task": {
			"name": "ui5-cli-on-bun-task-package",
			"version": "0.1.0"
		},
		"node_modules/ui5-cli-on-bun-middleware-package": {
			"resolved": "extensions/middleware",
			"link": true
		},
		"node_modules/ui5-cli-on-bun-task-package": {
			"resolved": "extensions/task",
			"link": true
		}
	}
}
